// !$*UTF8*$!
{
	archiveVersion = 1;
	classes = {
	};
	objectVersion = 55;
	objects = {

/* Begin PBXBuildFile section */
		5D0258610D3664EA6DFC2004 /* Pods_Baemin_Dante.framework in Frameworks */ = {isa = PBXBuildFile; fileRef = 5A53EE017DEF2E458DAFE41C /* Pods_Baemin_Dante.framework */; };
		9979BC2C272EA6F900A77C36 /* LoginViewController.swift in Sources */ = {isa = PBXBuildFile; fileRef = 9979BC2B272EA6F900A77C36 /* LoginViewController.swift */; };
		9979BC2E272EA70300A77C36 /* LoginStoryboard.storyboard in Resources */ = {isa = PBXBuildFile; fileRef = 9979BC2D272EA70300A77C36 /* LoginStoryboard.storyboard */; };
		9979BC30272EAE6000A77C36 /* CheckBoxViewController.swift in Sources */ = {isa = PBXBuildFile; fileRef = 9979BC2F272EAE6000A77C36 /* CheckBoxViewController.swift */; };
		9979BC32272EBCE200A77C36 /* SelfCertificationViewController.swift in Sources */ = {isa = PBXBuildFile; fileRef = 9979BC31272EBCE200A77C36 /* SelfCertificationViewController.swift */; };
		999858D4272D5AB600D7B167 /* AppDelegate.swift in Sources */ = {isa = PBXBuildFile; fileRef = 999858D3272D5AB600D7B167 /* AppDelegate.swift */; };
		999858D6272D5AB600D7B167 /* SceneDelegate.swift in Sources */ = {isa = PBXBuildFile; fileRef = 999858D5272D5AB600D7B167 /* SceneDelegate.swift */; };
		999858D8272D5AB600D7B167 /* MainViewController.swift in Sources */ = {isa = PBXBuildFile; fileRef = 999858D7272D5AB600D7B167 /* MainViewController.swift */; };
		999858DB272D5AB600D7B167 /* Main.storyboard in Resources */ = {isa = PBXBuildFile; fileRef = 999858D9272D5AB600D7B167 /* Main.storyboard */; };
		999858DD272D5AB800D7B167 /* Assets.xcassets in Resources */ = {isa = PBXBuildFile; fileRef = 999858DC272D5AB800D7B167 /* Assets.xcassets */; };
		999858E0272D5AB800D7B167 /* LaunchScreen.storyboard in Resources */ = {isa = PBXBuildFile; fileRef = 999858DE272D5AB800D7B167 /* LaunchScreen.storyboard */; };
		999858F0272D5B8200D7B167 /* JwtToken.swift in Sources */ = {isa = PBXBuildFile; fileRef = 999858EF272D5B8200D7B167 /* JwtToken.swift */; };
		999858F8272D5B9900D7B167 /* Data.swift in Sources */ = {isa = PBXBuildFile; fileRef = 999858F1272D5B9900D7B167 /* Data.swift */; };
		999858F9272D5B9900D7B167 /* Color.swift in Sources */ = {isa = PBXBuildFile; fileRef = 999858F2272D5B9900D7B167 /* Color.swift */; };
		999858FA272D5B9900D7B167 /* UINavigationBar.swift in Sources */ = {isa = PBXBuildFile; fileRef = 999858F3272D5B9900D7B167 /* UINavigationBar.swift */; };
		999858FB272D5B9900D7B167 /* UIButton.swift in Sources */ = {isa = PBXBuildFile; fileRef = 999858F4272D5B9900D7B167 /* UIButton.swift */; };
		999858FC272D5B9900D7B167 /* String.swift in Sources */ = {isa = PBXBuildFile; fileRef = 999858F5272D5B9900D7B167 /* String.swift */; };
		999858FD272D5B9900D7B167 /* UIViewController.swift in Sources */ = {isa = PBXBuildFile; fileRef = 999858F6272D5B9900D7B167 /* UIViewController.swift */; };
		999858FE272D5B9900D7B167 /* UIFont.swift in Sources */ = {isa = PBXBuildFile; fileRef = 999858F7272D5B9900D7B167 /* UIFont.swift */; };
		99985901272D5BAA00D7B167 /* IndicatorView.swift in Sources */ = {isa = PBXBuildFile; fileRef = 999858FF272D5BAA00D7B167 /* IndicatorView.swift */; };
		99985902272D5BAA00D7B167 /* Device.swift in Sources */ = {isa = PBXBuildFile; fileRef = 99985900272D5BAA00D7B167 /* Device.swift */; };
		99985904272D5BB500D7B167 /* BaseViewController.swift in Sources */ = {isa = PBXBuildFile; fileRef = 99985903272D5BB500D7B167 /* BaseViewController.swift */; };
		99985918272D5BFF00D7B167 /* StartViewController.swift in Sources */ = {isa = PBXBuildFile; fileRef = 99985917272D5BFF00D7B167 /* StartViewController.swift */; };
		9998591A272D5C0B00D7B167 /* StartStoryboard.storyboard in Resources */ = {isa = PBXBuildFile; fileRef = 99985919272D5C0B00D7B167 /* StartStoryboard.storyboard */; };
		99985925272D632C00D7B167 /* LocalViewController.swift in Sources */ = {isa = PBXBuildFile; fileRef = 99985924272D632C00D7B167 /* LocalViewController.swift */; };
		99985927272D71E600D7B167 /* findLocationViewController.swift in Sources */ = {isa = PBXBuildFile; fileRef = 99985926272D71E600D7B167 /* findLocationViewController.swift */; };
		99985929272D71F200D7B167 /* nowLocationViewController.swift in Sources */ = {isa = PBXBuildFile; fileRef = 99985928272D71F200D7B167 /* nowLocationViewController.swift */; };
		9998596E272E258E00D7B167 /* OpenGLES.framework in Frameworks */ = {isa = PBXBuildFile; fileRef = 9998596D272E258E00D7B167 /* OpenGLES.framework */; };
		99985970272E25A400D7B167 /* SystemConfiguration.framework in Frameworks */ = {isa = PBXBuildFile; fileRef = 9998596F272E25A400D7B167 /* SystemConfiguration.framework */; };
		99985972272E25AF00D7B167 /* CoreLocation.framework in Frameworks */ = {isa = PBXBuildFile; fileRef = 99985971272E25AF00D7B167 /* CoreLocation.framework */; };
		99985974272E25BC00D7B167 /* QuartzCore.framework in Frameworks */ = {isa = PBXBuildFile; fileRef = 99985973272E25BC00D7B167 /* QuartzCore.framework */; };
		9998597A272E28FB00D7B167 /* libc++.tbd in Frameworks */ = {isa = PBXBuildFile; fileRef = 99985975272E25DB00D7B167 /* libc++.tbd */; };
		9998597B272E290700D7B167 /* libxml2.tbd in Frameworks */ = {isa = PBXBuildFile; fileRef = 99985976272E25E800D7B167 /* libxml2.tbd */; };
		9998597C272E291000D7B167 /* libsqlite3.tbd in Frameworks */ = {isa = PBXBuildFile; fileRef = 99985977272E25F600D7B167 /* libsqlite3.tbd */; };
		99985D16272E308E00D7B167 /* map_pinup_custom@3x.png in Resources */ = {isa = PBXBuildFile; fileRef = 99985CF1272E308E00D7B167 /* map_pinup_custom@3x.png */; };
		99985D17272E308E00D7B167 /* map_pin_custom.png in Resources */ = {isa = PBXBuildFile; fileRef = 99985CF2272E308E00D7B167 /* map_pin_custom.png */; };
		99985D18272E308E00D7B167 /* shadow_balloon.png in Resources */ = {isa = PBXBuildFile; fileRef = 99985CF3272E308E00D7B167 /* shadow_balloon.png */; };
		99985D19272E308E00D7B167 /* map_pinup.png in Resources */ = {isa = PBXBuildFile; fileRef = 99985CF4272E308E00D7B167 /* map_pinup.png */; };
		99985D1A272E308E00D7B167 /* detail_button.png in Resources */ = {isa = PBXBuildFile; fileRef = 99985CF5272E308E00D7B167 /* detail_button.png */; };
		99985D1B272E308E00D7B167 /* map_pin_custom@3x.png in Resources */ = {isa = PBXBuildFile; fileRef = 99985CF6272E308E00D7B167 /* map_pin_custom@3x.png */; };
		99985D1C272E308E00D7B167 /* map_pinup@3x.png in Resources */ = {isa = PBXBuildFile; fileRef = 99985CF7272E308E00D7B167 /* map_pinup@3x.png */; };
		99985D1D272E308E00D7B167 /* map_pin_shadow@3x.png in Resources */ = {isa = PBXBuildFile; fileRef = 99985CF8272E308E00D7B167 /* map_pin_shadow@3x.png */; };
		99985D1E272E308E00D7B167 /* copyright.png in Resources */ = {isa = PBXBuildFile; fileRef = 99985CF9272E308E00D7B167 /* copyright.png */; };
		99985D1F272E308E00D7B167 /* th_line.png in Resources */ = {isa = PBXBuildFile; fileRef = 99985CFA272E308E00D7B167 /* th_line.png */; };
		99985D20272E308E00D7B167 /* map_pin_red@3x.png in Resources */ = {isa = PBXBuildFile; fileRef = 99985CFB272E308E00D7B167 /* map_pin_red@3x.png */; };
		99985D21272E308E00D7B167 /* daum_copyright.png in Resources */ = {isa = PBXBuildFile; fileRef = 99985CFC272E308E00D7B167 /* daum_copyright.png */; };
		99985D22272E308E00D7B167 /* map_pin@3x.png in Resources */ = {isa = PBXBuildFile; fileRef = 99985CFD272E308E00D7B167 /* map_pin@3x.png */; };
		99985D23272E308E00D7B167 /* map_present_tracking.png in Resources */ = {isa = PBXBuildFile; fileRef = 99985CFE272E308E00D7B167 /* map_present_tracking.png */; };
		99985D24272E308E00D7B167 /* map_pin_red.png in Resources */ = {isa = PBXBuildFile; fileRef = 99985CFF272E308E00D7B167 /* map_pin_red.png */; };
		99985D25272E308E00D7B167 /* info_box.png in Resources */ = {isa = PBXBuildFile; fileRef = 99985D09272E308E00D7B167 /* info_box.png */; };
		99985D26272E308E00D7B167 /* point_sprite.png in Resources */ = {isa = PBXBuildFile; fileRef = 99985D0A272E308E00D7B167 /* point_sprite.png */; };
		99985D27272E308E00D7B167 /* map_pinup_custom.png in Resources */ = {isa = PBXBuildFile; fileRef = 99985D0B272E308E00D7B167 /* map_pinup_custom.png */; };
		99985D28272E308E00D7B167 /* info_box_tail.png in Resources */ = {isa = PBXBuildFile; fileRef = 99985D0C272E308E00D7B167 /* info_box_tail.png */; };
		99985D29272E308E00D7B167 /* noimage256.png in Resources */ = {isa = PBXBuildFile; fileRef = 99985D0D272E308E00D7B167 /* noimage256.png */; };
		99985D2A272E308E00D7B167 /* map_present_direction.png in Resources */ = {isa = PBXBuildFile; fileRef = 99985D0E272E308E00D7B167 /* map_present_direction.png */; };
		99985D2B272E308E00D7B167 /* map_pin.png in Resources */ = {isa = PBXBuildFile; fileRef = 99985D0F272E308E00D7B167 /* map_pin.png */; };
		99985D2C272E308E00D7B167 /* map_present.png in Resources */ = {isa = PBXBuildFile; fileRef = 99985D10272E308E00D7B167 /* map_present.png */; };
		99985D2D272E308E00D7B167 /* noimage.png in Resources */ = {isa = PBXBuildFile; fileRef = 99985D11272E308E00D7B167 /* noimage.png */; };
		99985D2E272E308E00D7B167 /* map_present_background_update.png in Resources */ = {isa = PBXBuildFile; fileRef = 99985D12272E308E00D7B167 /* map_present_background_update.png */; };
		99985D2F272E308E00D7B167 /* daum_th_line.png in Resources */ = {isa = PBXBuildFile; fileRef = 99985D13272E308E00D7B167 /* daum_th_line.png */; };
		99985D30272E308E00D7B167 /* map_pin_shadow.png in Resources */ = {isa = PBXBuildFile; fileRef = 99985D14272E308E00D7B167 /* map_pin_shadow.png */; };
		99985D31272E308E00D7B167 /* DaumMap.framework in Frameworks */ = {isa = PBXBuildFile; fileRef = 99985D15272E308E00D7B167 /* DaumMap.framework */; };
		99985D33272E4BB800D7B167 /* detailLocationViewController.swift in Sources */ = {isa = PBXBuildFile; fileRef = 99985D32272E4BB800D7B167 /* detailLocationViewController.swift */; };
		99985D36272E50C500D7B167 /* global.swift in Sources */ = {isa = PBXBuildFile; fileRef = 99985D35272E50C500D7B167 /* global.swift */; };
		99985D3B272E80B700D7B167 /* TotalSearviceViewController.swift in Sources */ = {isa = PBXBuildFile; fileRef = 99985D3A272E80B700D7B167 /* TotalSearviceViewController.swift */; };
		99985D3D272E80C800D7B167 /* TotalSearviceStoryboard.storyboard in Resources */ = {isa = PBXBuildFile; fileRef = 99985D3C272E80C800D7B167 /* TotalSearviceStoryboard.storyboard */; };
		99985D3F272E80DD00D7B167 /* MyBeaminViewController.swift in Sources */ = {isa = PBXBuildFile; fileRef = 99985D3E272E80DD00D7B167 /* MyBeaminViewController.swift */; };
		99985D41272E80E600D7B167 /* MyBeaminStoryboard.storyboard in Resources */ = {isa = PBXBuildFile; fileRef = 99985D40272E80E600D7B167 /* MyBeaminStoryboard.storyboard */; };
		99985D43272E80F800D7B167 /* AlarmViewController.swift in Sources */ = {isa = PBXBuildFile; fileRef = 99985D42272E80F800D7B167 /* AlarmViewController.swift */; };
		99985D45272E810000D7B167 /* AlarmStoryboard.storyboard in Resources */ = {isa = PBXBuildFile; fileRef = 99985D44272E810000D7B167 /* AlarmStoryboard.storyboard */; };
/* End PBXBuildFile section */

/* Begin PBXCopyFilesBuildPhase section */
		9998597F272E29C700D7B167 /* Embed Frameworks */ = {
			isa = PBXCopyFilesBuildPhase;
			buildActionMask = 2147483647;
			dstPath = "";
			dstSubfolderSpec = 10;
			files = (
			);
			name = "Embed Frameworks";
			runOnlyForDeploymentPostprocessing = 0;
		};
/* End PBXCopyFilesBuildPhase section */

/* Begin PBXFileReference section */
		56A206DB1B2F0F9C72864841 /* Pods-Baemin_Dante.release.xcconfig */ = {isa = PBXFileReference; includeInIndex = 1; lastKnownFileType = text.xcconfig; name = "Pods-Baemin_Dante.release.xcconfig"; path = "Target Support Files/Pods-Baemin_Dante/Pods-Baemin_Dante.release.xcconfig"; sourceTree = "<group>"; };
		5A53EE017DEF2E458DAFE41C /* Pods_Baemin_Dante.framework */ = {isa = PBXFileReference; explicitFileType = wrapper.framework; includeInIndex = 0; path = Pods_Baemin_Dante.framework; sourceTree = BUILT_PRODUCTS_DIR; };
		9979BC2B272EA6F900A77C36 /* LoginViewController.swift */ = {isa = PBXFileReference; lastKnownFileType = sourcecode.swift; path = LoginViewController.swift; sourceTree = "<group>"; };
		9979BC2D272EA70300A77C36 /* LoginStoryboard.storyboard */ = {isa = PBXFileReference; lastKnownFileType = file.storyboard; path = LoginStoryboard.storyboard; sourceTree = "<group>"; };
		9979BC2F272EAE6000A77C36 /* CheckBoxViewController.swift */ = {isa = PBXFileReference; lastKnownFileType = sourcecode.swift; path = CheckBoxViewController.swift; sourceTree = "<group>"; };
		9979BC31272EBCE200A77C36 /* SelfCertificationViewController.swift */ = {isa = PBXFileReference; lastKnownFileType = sourcecode.swift; path = SelfCertificationViewController.swift; sourceTree = "<group>"; };
		999858D0272D5AB600D7B167 /* Baemin_Dante.app */ = {isa = PBXFileReference; explicitFileType = wrapper.application; includeInIndex = 0; path = Baemin_Dante.app; sourceTree = BUILT_PRODUCTS_DIR; };
		999858D3272D5AB600D7B167 /* AppDelegate.swift */ = {isa = PBXFileReference; lastKnownFileType = sourcecode.swift; path = AppDelegate.swift; sourceTree = "<group>"; };
		999858D5272D5AB600D7B167 /* SceneDelegate.swift */ = {isa = PBXFileReference; lastKnownFileType = sourcecode.swift; path = SceneDelegate.swift; sourceTree = "<group>"; };
		999858D7272D5AB600D7B167 /* MainViewController.swift */ = {isa = PBXFileReference; lastKnownFileType = sourcecode.swift; path = MainViewController.swift; sourceTree = "<group>"; };
		999858DA272D5AB600D7B167 /* Base */ = {isa = PBXFileReference; lastKnownFileType = file.storyboard; name = Base; path = Base.lproj/Main.storyboard; sourceTree = "<group>"; };
		999858DC272D5AB800D7B167 /* Assets.xcassets */ = {isa = PBXFileReference; lastKnownFileType = folder.assetcatalog; path = Assets.xcassets; sourceTree = "<group>"; };
		999858DF272D5AB800D7B167 /* Base */ = {isa = PBXFileReference; lastKnownFileType = file.storyboard; name = Base; path = Base.lproj/LaunchScreen.storyboard; sourceTree = "<group>"; };
		999858E1272D5AB800D7B167 /* Info.plist */ = {isa = PBXFileReference; lastKnownFileType = text.plist.xml; path = Info.plist; sourceTree = "<group>"; };
		999858EF272D5B8200D7B167 /* JwtToken.swift */ = {isa = PBXFileReference; lastKnownFileType = sourcecode.swift; path = JwtToken.swift; sourceTree = "<group>"; };
		999858F1272D5B9900D7B167 /* Data.swift */ = {isa = PBXFileReference; fileEncoding = 4; lastKnownFileType = sourcecode.swift; path = Data.swift; sourceTree = "<group>"; };
		999858F2272D5B9900D7B167 /* Color.swift */ = {isa = PBXFileReference; fileEncoding = 4; lastKnownFileType = sourcecode.swift; path = Color.swift; sourceTree = "<group>"; };
		999858F3272D5B9900D7B167 /* UINavigationBar.swift */ = {isa = PBXFileReference; fileEncoding = 4; lastKnownFileType = sourcecode.swift; path = UINavigationBar.swift; sourceTree = "<group>"; };
		999858F4272D5B9900D7B167 /* UIButton.swift */ = {isa = PBXFileReference; fileEncoding = 4; lastKnownFileType = sourcecode.swift; path = UIButton.swift; sourceTree = "<group>"; };
		999858F5272D5B9900D7B167 /* String.swift */ = {isa = PBXFileReference; fileEncoding = 4; lastKnownFileType = sourcecode.swift; path = String.swift; sourceTree = "<group>"; };
		999858F6272D5B9900D7B167 /* UIViewController.swift */ = {isa = PBXFileReference; fileEncoding = 4; lastKnownFileType = sourcecode.swift; path = UIViewController.swift; sourceTree = "<group>"; };
		999858F7272D5B9900D7B167 /* UIFont.swift */ = {isa = PBXFileReference; fileEncoding = 4; lastKnownFileType = sourcecode.swift; path = UIFont.swift; sourceTree = "<group>"; };
		999858FF272D5BAA00D7B167 /* IndicatorView.swift */ = {isa = PBXFileReference; fileEncoding = 4; lastKnownFileType = sourcecode.swift; path = IndicatorView.swift; sourceTree = "<group>"; };
		99985900272D5BAA00D7B167 /* Device.swift */ = {isa = PBXFileReference; fileEncoding = 4; lastKnownFileType = sourcecode.swift; path = Device.swift; sourceTree = "<group>"; };
		99985903272D5BB500D7B167 /* BaseViewController.swift */ = {isa = PBXFileReference; fileEncoding = 4; lastKnownFileType = sourcecode.swift; path = BaseViewController.swift; sourceTree = "<group>"; };
		99985917272D5BFF00D7B167 /* StartViewController.swift */ = {isa = PBXFileReference; lastKnownFileType = sourcecode.swift; path = StartViewController.swift; sourceTree = "<group>"; };
		99985919272D5C0B00D7B167 /* StartStoryboard.storyboard */ = {isa = PBXFileReference; lastKnownFileType = file.storyboard; path = StartStoryboard.storyboard; sourceTree = "<group>"; };
		99985924272D632C00D7B167 /* LocalViewController.swift */ = {isa = PBXFileReference; lastKnownFileType = sourcecode.swift; path = LocalViewController.swift; sourceTree = "<group>"; };
		99985926272D71E600D7B167 /* findLocationViewController.swift */ = {isa = PBXFileReference; lastKnownFileType = sourcecode.swift; path = findLocationViewController.swift; sourceTree = "<group>"; };
		99985928272D71F200D7B167 /* nowLocationViewController.swift */ = {isa = PBXFileReference; lastKnownFileType = sourcecode.swift; path = nowLocationViewController.swift; sourceTree = "<group>"; };
		9998596D272E258E00D7B167 /* OpenGLES.framework */ = {isa = PBXFileReference; lastKnownFileType = wrapper.framework; name = OpenGLES.framework; path = System/Library/Frameworks/OpenGLES.framework; sourceTree = SDKROOT; };
		9998596F272E25A400D7B167 /* SystemConfiguration.framework */ = {isa = PBXFileReference; lastKnownFileType = wrapper.framework; name = SystemConfiguration.framework; path = System/Library/Frameworks/SystemConfiguration.framework; sourceTree = SDKROOT; };
		99985971272E25AF00D7B167 /* CoreLocation.framework */ = {isa = PBXFileReference; lastKnownFileType = wrapper.framework; name = CoreLocation.framework; path = System/Library/Frameworks/CoreLocation.framework; sourceTree = SDKROOT; };
		99985973272E25BC00D7B167 /* QuartzCore.framework */ = {isa = PBXFileReference; lastKnownFileType = wrapper.framework; name = QuartzCore.framework; path = System/Library/Frameworks/QuartzCore.framework; sourceTree = SDKROOT; };
		99985975272E25DB00D7B167 /* libc++.tbd */ = {isa = PBXFileReference; lastKnownFileType = "sourcecode.text-based-dylib-definition"; name = "libc++.tbd"; path = "usr/lib/libc++.tbd"; sourceTree = SDKROOT; };
		99985976272E25E800D7B167 /* libxml2.tbd */ = {isa = PBXFileReference; lastKnownFileType = "sourcecode.text-based-dylib-definition"; name = libxml2.tbd; path = usr/lib/libxml2.tbd; sourceTree = SDKROOT; };
		99985977272E25F600D7B167 /* libsqlite3.tbd */ = {isa = PBXFileReference; lastKnownFileType = "sourcecode.text-based-dylib-definition"; name = libsqlite3.tbd; path = usr/lib/libsqlite3.tbd; sourceTree = SDKROOT; };
		99985978272E274A00D7B167 /* BridgeHeader.h */ = {isa = PBXFileReference; lastKnownFileType = sourcecode.c.h; path = BridgeHeader.h; sourceTree = "<group>"; };
		99985CF1272E308E00D7B167 /* map_pinup_custom@3x.png */ = {isa = PBXFileReference; lastKnownFileType = image.png; path = "map_pinup_custom@3x.png"; sourceTree = "<group>"; };
		99985CF2272E308E00D7B167 /* map_pin_custom.png */ = {isa = PBXFileReference; lastKnownFileType = image.png; path = map_pin_custom.png; sourceTree = "<group>"; };
		99985CF3272E308E00D7B167 /* shadow_balloon.png */ = {isa = PBXFileReference; lastKnownFileType = image.png; path = shadow_balloon.png; sourceTree = "<group>"; };
		99985CF4272E308E00D7B167 /* map_pinup.png */ = {isa = PBXFileReference; lastKnownFileType = image.png; path = map_pinup.png; sourceTree = "<group>"; };
		99985CF5272E308E00D7B167 /* detail_button.png */ = {isa = PBXFileReference; lastKnownFileType = image.png; path = detail_button.png; sourceTree = "<group>"; };
		99985CF6272E308E00D7B167 /* map_pin_custom@3x.png */ = {isa = PBXFileReference; lastKnownFileType = image.png; path = "map_pin_custom@3x.png"; sourceTree = "<group>"; };
		99985CF7272E308E00D7B167 /* map_pinup@3x.png */ = {isa = PBXFileReference; lastKnownFileType = image.png; path = "map_pinup@3x.png"; sourceTree = "<group>"; };
		99985CF8272E308E00D7B167 /* map_pin_shadow@3x.png */ = {isa = PBXFileReference; lastKnownFileType = image.png; path = "map_pin_shadow@3x.png"; sourceTree = "<group>"; };
		99985CF9272E308E00D7B167 /* copyright.png */ = {isa = PBXFileReference; lastKnownFileType = image.png; path = copyright.png; sourceTree = "<group>"; };
		99985CFA272E308E00D7B167 /* th_line.png */ = {isa = PBXFileReference; lastKnownFileType = image.png; path = th_line.png; sourceTree = "<group>"; };
		99985CFB272E308E00D7B167 /* map_pin_red@3x.png */ = {isa = PBXFileReference; lastKnownFileType = image.png; path = "map_pin_red@3x.png"; sourceTree = "<group>"; };
		99985CFC272E308E00D7B167 /* daum_copyright.png */ = {isa = PBXFileReference; lastKnownFileType = image.png; path = daum_copyright.png; sourceTree = "<group>"; };
		99985CFD272E308E00D7B167 /* map_pin@3x.png */ = {isa = PBXFileReference; lastKnownFileType = image.png; path = "map_pin@3x.png"; sourceTree = "<group>"; };
		99985CFE272E308E00D7B167 /* map_present_tracking.png */ = {isa = PBXFileReference; lastKnownFileType = image.png; path = map_present_tracking.png; sourceTree = "<group>"; };
		99985CFF272E308E00D7B167 /* map_pin_red.png */ = {isa = PBXFileReference; lastKnownFileType = image.png; path = map_pin_red.png; sourceTree = "<group>"; };
		99985D01272E308E00D7B167 /* MTMapPOIItem.h */ = {isa = PBXFileReference; fileEncoding = 4; lastKnownFileType = sourcecode.c.h; path = MTMapPOIItem.h; sourceTree = "<group>"; };
		99985D02272E308E00D7B167 /* MTMapCameraUpdate.h */ = {isa = PBXFileReference; fileEncoding = 4; lastKnownFileType = sourcecode.c.h; path = MTMapCameraUpdate.h; sourceTree = "<group>"; };
		99985D03272E308E00D7B167 /* MTMapReverseGeoCoder.h */ = {isa = PBXFileReference; fileEncoding = 4; lastKnownFileType = sourcecode.c.h; path = MTMapReverseGeoCoder.h; sourceTree = "<group>"; };
		99985D04272E308E00D7B167 /* MTMapPolyline.h */ = {isa = PBXFileReference; fileEncoding = 4; lastKnownFileType = sourcecode.c.h; path = MTMapPolyline.h; sourceTree = "<group>"; };
		99985D05272E308E00D7B167 /* MTMapLocationMarkerItem.h */ = {isa = PBXFileReference; fileEncoding = 4; lastKnownFileType = sourcecode.c.h; path = MTMapLocationMarkerItem.h; sourceTree = "<group>"; };
		99985D06272E308E00D7B167 /* MTMapView.h */ = {isa = PBXFileReference; fileEncoding = 4; lastKnownFileType = sourcecode.c.h; path = MTMapView.h; sourceTree = "<group>"; };
		99985D07272E308E00D7B167 /* MTMapGeometry.h */ = {isa = PBXFileReference; fileEncoding = 4; lastKnownFileType = sourcecode.c.h; path = MTMapGeometry.h; sourceTree = "<group>"; };
		99985D08272E308E00D7B167 /* MTMapCircle.h */ = {isa = PBXFileReference; fileEncoding = 4; lastKnownFileType = sourcecode.c.h; path = MTMapCircle.h; sourceTree = "<group>"; };
		99985D09272E308E00D7B167 /* info_box.png */ = {isa = PBXFileReference; lastKnownFileType = image.png; path = info_box.png; sourceTree = "<group>"; };
		99985D0A272E308E00D7B167 /* point_sprite.png */ = {isa = PBXFileReference; lastKnownFileType = image.png; path = point_sprite.png; sourceTree = "<group>"; };
		99985D0B272E308E00D7B167 /* map_pinup_custom.png */ = {isa = PBXFileReference; lastKnownFileType = image.png; path = map_pinup_custom.png; sourceTree = "<group>"; };
		99985D0C272E308E00D7B167 /* info_box_tail.png */ = {isa = PBXFileReference; lastKnownFileType = image.png; path = info_box_tail.png; sourceTree = "<group>"; };
		99985D0D272E308E00D7B167 /* noimage256.png */ = {isa = PBXFileReference; lastKnownFileType = image.png; path = noimage256.png; sourceTree = "<group>"; };
		99985D0E272E308E00D7B167 /* map_present_direction.png */ = {isa = PBXFileReference; lastKnownFileType = image.png; path = map_present_direction.png; sourceTree = "<group>"; };
		99985D0F272E308E00D7B167 /* map_pin.png */ = {isa = PBXFileReference; lastKnownFileType = image.png; path = map_pin.png; sourceTree = "<group>"; };
		99985D10272E308E00D7B167 /* map_present.png */ = {isa = PBXFileReference; lastKnownFileType = image.png; path = map_present.png; sourceTree = "<group>"; };
		99985D11272E308E00D7B167 /* noimage.png */ = {isa = PBXFileReference; lastKnownFileType = image.png; path = noimage.png; sourceTree = "<group>"; };
		99985D12272E308E00D7B167 /* map_present_background_update.png */ = {isa = PBXFileReference; lastKnownFileType = image.png; path = map_present_background_update.png; sourceTree = "<group>"; };
		99985D13272E308E00D7B167 /* daum_th_line.png */ = {isa = PBXFileReference; lastKnownFileType = image.png; path = daum_th_line.png; sourceTree = "<group>"; };
		99985D14272E308E00D7B167 /* map_pin_shadow.png */ = {isa = PBXFileReference; lastKnownFileType = image.png; path = map_pin_shadow.png; sourceTree = "<group>"; };
		99985D15272E308E00D7B167 /* DaumMap.framework */ = {isa = PBXFileReference; lastKnownFileType = wrapper.framework; path = DaumMap.framework; sourceTree = "<group>"; };
		99985D32272E4BB800D7B167 /* detailLocationViewController.swift */ = {isa = PBXFileReference; lastKnownFileType = sourcecode.swift; path = detailLocationViewController.swift; sourceTree = "<group>"; };
		99985D35272E50C500D7B167 /* global.swift */ = {isa = PBXFileReference; lastKnownFileType = sourcecode.swift; path = global.swift; sourceTree = "<group>"; };
		99985D3A272E80B700D7B167 /* TotalSearviceViewController.swift */ = {isa = PBXFileReference; lastKnownFileType = sourcecode.swift; path = TotalSearviceViewController.swift; sourceTree = "<group>"; };
		99985D3C272E80C800D7B167 /* TotalSearviceStoryboard.storyboard */ = {isa = PBXFileReference; lastKnownFileType = file.storyboard; path = TotalSearviceStoryboard.storyboard; sourceTree = "<group>"; };
		99985D3E272E80DD00D7B167 /* MyBeaminViewController.swift */ = {isa = PBXFileReference; lastKnownFileType = sourcecode.swift; path = MyBeaminViewController.swift; sourceTree = "<group>"; };
		99985D40272E80E600D7B167 /* MyBeaminStoryboard.storyboard */ = {isa = PBXFileReference; lastKnownFileType = file.storyboard; path = MyBeaminStoryboard.storyboard; sourceTree = "<group>"; };
		99985D42272E80F800D7B167 /* AlarmViewController.swift */ = {isa = PBXFileReference; lastKnownFileType = sourcecode.swift; path = AlarmViewController.swift; sourceTree = "<group>"; };
		99985D44272E810000D7B167 /* AlarmStoryboard.storyboard */ = {isa = PBXFileReference; lastKnownFileType = file.storyboard; path = AlarmStoryboard.storyboard; sourceTree = "<group>"; };
		CDB1F3588D76FA54F737561D /* Pods-Baemin_Dante.debug.xcconfig */ = {isa = PBXFileReference; includeInIndex = 1; lastKnownFileType = text.xcconfig; name = "Pods-Baemin_Dante.debug.xcconfig"; path = "Target Support Files/Pods-Baemin_Dante/Pods-Baemin_Dante.debug.xcconfig"; sourceTree = "<group>"; };
/* End PBXFileReference section */

/* Begin PBXFrameworksBuildPhase section */
		999858CD272D5AB600D7B167 /* Frameworks */ = {
			isa = PBXFrameworksBuildPhase;
			buildActionMask = 2147483647;
			files = (
				9998597A272E28FB00D7B167 /* libc++.tbd in Frameworks */,
				99985972272E25AF00D7B167 /* CoreLocation.framework in Frameworks */,
				9998597C272E291000D7B167 /* libsqlite3.tbd in Frameworks */,
				99985974272E25BC00D7B167 /* QuartzCore.framework in Frameworks */,
				5D0258610D3664EA6DFC2004 /* Pods_Baemin_Dante.framework in Frameworks */,
				9998597B272E290700D7B167 /* libxml2.tbd in Frameworks */,
				99985970272E25A400D7B167 /* SystemConfiguration.framework in Frameworks */,
				99985D31272E308E00D7B167 /* DaumMap.framework in Frameworks */,
				9998596E272E258E00D7B167 /* OpenGLES.framework in Frameworks */,
			);
			runOnlyForDeploymentPostprocessing = 0;
		};
/* End PBXFrameworksBuildPhase section */

/* Begin PBXGroup section */
		999858C7272D5AB600D7B167 = {
			isa = PBXGroup;
			children = (
				999858D2272D5AB600D7B167 /* Baemin_Dante */,
				999858D1272D5AB600D7B167 /* Products */,
				E3A7492AC7E4C264898E13C3 /* Pods */,
				A9018F600684155E411AF3C9 /* Frameworks */,
			);
			sourceTree = "<group>";
		};
		999858D1272D5AB600D7B167 /* Products */ = {
			isa = PBXGroup;
			children = (
				999858D0272D5AB600D7B167 /* Baemin_Dante.app */,
			);
			name = Products;
			sourceTree = "<group>";
		};
		999858D2272D5AB600D7B167 /* Baemin_Dante */ = {
			isa = PBXGroup;
			children = (
				99985978272E274A00D7B167 /* BridgeHeader.h */,
				99985CEF272E308E00D7B167 /* DaumMap.embeddedframework */,
				999858E9272D5B0F00D7B167 /* Configuration */,
				999858E8272D5B0E00D7B167 /* Source */,
				999858D3272D5AB600D7B167 /* AppDelegate.swift */,
				999858D5272D5AB600D7B167 /* SceneDelegate.swift */,
				999858DC272D5AB800D7B167 /* Assets.xcassets */,
				999858DE272D5AB800D7B167 /* LaunchScreen.storyboard */,
				999858E1272D5AB800D7B167 /* Info.plist */,
			);
			path = Baemin_Dante;
			sourceTree = "<group>";
		};
		999858E8272D5B0E00D7B167 /* Source */ = {
			isa = PBXGroup;
			children = (
				99985D34272E50B300D7B167 /* Global */,
				99985916272D5BE000D7B167 /* Start */,
				99985905272D5BCD00D7B167 /* Login */,
				99985912272D5BCD00D7B167 /* Main */,
			);
			path = Source;
			sourceTree = "<group>";
		};
		999858E9272D5B0F00D7B167 /* Configuration */ = {
			isa = PBXGroup;
			children = (
				999858EA272D5B2700D7B167 /* Secret */,
				999858EE272D5B4E00D7B167 /* Font */,
				999858ED272D5B4E00D7B167 /* Extension */,
				999858EC272D5B4D00D7B167 /* CommonClass */,
				999858EB272D5B4C00D7B167 /* Base */,
			);
			path = Configuration;
			sourceTree = "<group>";
		};
		999858EA272D5B2700D7B167 /* Secret */ = {
			isa = PBXGroup;
			children = (
				999858EF272D5B8200D7B167 /* JwtToken.swift */,
			);
			path = Secret;
			sourceTree = "<group>";
		};
		999858EB272D5B4C00D7B167 /* Base */ = {
			isa = PBXGroup;
			children = (
				99985903272D5BB500D7B167 /* BaseViewController.swift */,
			);
			path = Base;
			sourceTree = "<group>";
		};
		999858EC272D5B4D00D7B167 /* CommonClass */ = {
			isa = PBXGroup;
			children = (
				99985900272D5BAA00D7B167 /* Device.swift */,
				999858FF272D5BAA00D7B167 /* IndicatorView.swift */,
			);
			path = CommonClass;
			sourceTree = "<group>";
		};
		999858ED272D5B4E00D7B167 /* Extension */ = {
			isa = PBXGroup;
			children = (
				999858F2272D5B9900D7B167 /* Color.swift */,
				999858F1272D5B9900D7B167 /* Data.swift */,
				999858F5272D5B9900D7B167 /* String.swift */,
				999858F4272D5B9900D7B167 /* UIButton.swift */,
				999858F7272D5B9900D7B167 /* UIFont.swift */,
				999858F3272D5B9900D7B167 /* UINavigationBar.swift */,
				999858F6272D5B9900D7B167 /* UIViewController.swift */,
			);
			path = Extension;
			sourceTree = "<group>";
		};
		999858EE272D5B4E00D7B167 /* Font */ = {
			isa = PBXGroup;
			children = (
			);
			path = Font;
			sourceTree = "<group>";
		};
		99985905272D5BCD00D7B167 /* Login */ = {
			isa = PBXGroup;
			children = (
				9979BC2B272EA6F900A77C36 /* LoginViewController.swift */,
				9979BC2D272EA70300A77C36 /* LoginStoryboard.storyboard */,
				9979BC2F272EAE6000A77C36 /* CheckBoxViewController.swift */,
				9998591D272D619E00D7B167 /* Local */,
				9998591C272D619E00D7B167 /* Join */,
				9998591B272D619D00D7B167 /* KaKao */,
				9979BC31272EBCE200A77C36 /* SelfCertificationViewController.swift */,
			);
			path = Login;
			sourceTree = "<group>";
		};
		99985912272D5BCD00D7B167 /* Main */ = {
			isa = PBXGroup;
			children = (
				999858D9272D5AB600D7B167 /* Main.storyboard */,
				999858D7272D5AB600D7B167 /* MainViewController.swift */,
				99985D39272E800600D7B167 /* TotalService */,
				99985D38272E7FF400D7B167 /* MyBaemin */,
				99985D37272E7FEA00D7B167 /* Alarm */,
			);
			path = Main;
			sourceTree = "<group>";
		};
		99985916272D5BE000D7B167 /* Start */ = {
			isa = PBXGroup;
			children = (
				99985917272D5BFF00D7B167 /* StartViewController.swift */,
				99985919272D5C0B00D7B167 /* StartStoryboard.storyboard */,
				99985924272D632C00D7B167 /* LocalViewController.swift */,
				99985926272D71E600D7B167 /* findLocationViewController.swift */,
				99985928272D71F200D7B167 /* nowLocationViewController.swift */,
				99985D32272E4BB800D7B167 /* detailLocationViewController.swift */,
			);
			path = Start;
			sourceTree = "<group>";
		};
		9998591B272D619D00D7B167 /* KaKao */ = {
			isa = PBXGroup;
			children = (
				99985923272D61D600D7B167 /* Entity */,
				99985920272D61C800D7B167 /* DataManager */,
			);
			path = KaKao;
			sourceTree = "<group>";
		};
		9998591C272D619E00D7B167 /* Join */ = {
			isa = PBXGroup;
			children = (
				99985922272D61D400D7B167 /* Entity */,
				9998591F272D61C600D7B167 /* DataManager */,
			);
			path = Join;
			sourceTree = "<group>";
		};
		9998591D272D619E00D7B167 /* Local */ = {
			isa = PBXGroup;
			children = (
				99985921272D61CC00D7B167 /* Entity */,
				9998591E272D61BB00D7B167 /* DataManager */,
			);
			path = Local;
			sourceTree = "<group>";
		};
		9998591E272D61BB00D7B167 /* DataManager */ = {
			isa = PBXGroup;
			children = (
			);
			path = DataManager;
			sourceTree = "<group>";
		};
		9998591F272D61C600D7B167 /* DataManager */ = {
			isa = PBXGroup;
			children = (
			);
			path = DataManager;
			sourceTree = "<group>";
		};
		99985920272D61C800D7B167 /* DataManager */ = {
			isa = PBXGroup;
			children = (
			);
			path = DataManager;
			sourceTree = "<group>";
		};
		99985921272D61CC00D7B167 /* Entity */ = {
			isa = PBXGroup;
			children = (
			);
			path = Entity;
			sourceTree = "<group>";
		};
		99985922272D61D400D7B167 /* Entity */ = {
			isa = PBXGroup;
			children = (
			);
			path = Entity;
			sourceTree = "<group>";
		};
		99985923272D61D600D7B167 /* Entity */ = {
			isa = PBXGroup;
			children = (
			);
			path = Entity;
			sourceTree = "<group>";
		};
		99985CEF272E308E00D7B167 /* DaumMap.embeddedframework */ = {
			isa = PBXGroup;
			children = (
				99985CF0272E308E00D7B167 /* Resources */,
				99985D15272E308E00D7B167 /* DaumMap.framework */,
			);
			path = DaumMap.embeddedframework;
			sourceTree = "<group>";
		};
		99985CF0272E308E00D7B167 /* Resources */ = {
			isa = PBXGroup;
			children = (
				99985CF1272E308E00D7B167 /* map_pinup_custom@3x.png */,
				99985CF2272E308E00D7B167 /* map_pin_custom.png */,
				99985CF3272E308E00D7B167 /* shadow_balloon.png */,
				99985CF4272E308E00D7B167 /* map_pinup.png */,
				99985CF5272E308E00D7B167 /* detail_button.png */,
				99985CF6272E308E00D7B167 /* map_pin_custom@3x.png */,
				99985CF7272E308E00D7B167 /* map_pinup@3x.png */,
				99985CF8272E308E00D7B167 /* map_pin_shadow@3x.png */,
				99985CF9272E308E00D7B167 /* copyright.png */,
				99985CFA272E308E00D7B167 /* th_line.png */,
				99985CFB272E308E00D7B167 /* map_pin_red@3x.png */,
				99985CFC272E308E00D7B167 /* daum_copyright.png */,
				99985CFD272E308E00D7B167 /* map_pin@3x.png */,
				99985CFE272E308E00D7B167 /* map_present_tracking.png */,
				99985CFF272E308E00D7B167 /* map_pin_red.png */,
				99985D00272E308E00D7B167 /* Headers */,
				99985D09272E308E00D7B167 /* info_box.png */,
				99985D0A272E308E00D7B167 /* point_sprite.png */,
				99985D0B272E308E00D7B167 /* map_pinup_custom.png */,
				99985D0C272E308E00D7B167 /* info_box_tail.png */,
				99985D0D272E308E00D7B167 /* noimage256.png */,
				99985D0E272E308E00D7B167 /* map_present_direction.png */,
				99985D0F272E308E00D7B167 /* map_pin.png */,
				99985D10272E308E00D7B167 /* map_present.png */,
				99985D11272E308E00D7B167 /* noimage.png */,
				99985D12272E308E00D7B167 /* map_present_background_update.png */,
				99985D13272E308E00D7B167 /* daum_th_line.png */,
				99985D14272E308E00D7B167 /* map_pin_shadow.png */,
			);
			path = Resources;
			sourceTree = "<group>";
		};
		99985D00272E308E00D7B167 /* Headers */ = {
			isa = PBXGroup;
			children = (
				99985D01272E308E00D7B167 /* MTMapPOIItem.h */,
				99985D02272E308E00D7B167 /* MTMapCameraUpdate.h */,
				99985D03272E308E00D7B167 /* MTMapReverseGeoCoder.h */,
				99985D04272E308E00D7B167 /* MTMapPolyline.h */,
				99985D05272E308E00D7B167 /* MTMapLocationMarkerItem.h */,
				99985D06272E308E00D7B167 /* MTMapView.h */,
				99985D07272E308E00D7B167 /* MTMapGeometry.h */,
				99985D08272E308E00D7B167 /* MTMapCircle.h */,
			);
			path = Headers;
			sourceTree = "<group>";
		};
		99985D34272E50B300D7B167 /* Global */ = {
			isa = PBXGroup;
			children = (
				99985D35272E50C500D7B167 /* global.swift */,
			);
			path = Global;
			sourceTree = "<group>";
		};
		99985D37272E7FEA00D7B167 /* Alarm */ = {
			isa = PBXGroup;
			children = (
				99985D42272E80F800D7B167 /* AlarmViewController.swift */,
				99985D44272E810000D7B167 /* AlarmStoryboard.storyboard */,
			);
			path = Alarm;
			sourceTree = "<group>";
		};
		99985D38272E7FF400D7B167 /* MyBaemin */ = {
			isa = PBXGroup;
			children = (
				99985D3E272E80DD00D7B167 /* MyBeaminViewController.swift */,
				99985D40272E80E600D7B167 /* MyBeaminStoryboard.storyboard */,
			);
			path = MyBaemin;
			sourceTree = "<group>";
		};
		99985D39272E800600D7B167 /* TotalService */ = {
			isa = PBXGroup;
			children = (
				99985D3A272E80B700D7B167 /* TotalSearviceViewController.swift */,
				99985D3C272E80C800D7B167 /* TotalSearviceStoryboard.storyboard */,
			);
			path = TotalService;
			sourceTree = "<group>";
		};
		A9018F600684155E411AF3C9 /* Frameworks */ = {
			isa = PBXGroup;
			children = (
				99985977272E25F600D7B167 /* libsqlite3.tbd */,
				99985976272E25E800D7B167 /* libxml2.tbd */,
				99985975272E25DB00D7B167 /* libc++.tbd */,
				99985973272E25BC00D7B167 /* QuartzCore.framework */,
				99985971272E25AF00D7B167 /* CoreLocation.framework */,
				9998596F272E25A400D7B167 /* SystemConfiguration.framework */,
				9998596D272E258E00D7B167 /* OpenGLES.framework */,
				5A53EE017DEF2E458DAFE41C /* Pods_Baemin_Dante.framework */,
			);
			name = Frameworks;
			sourceTree = "<group>";
		};
		E3A7492AC7E4C264898E13C3 /* Pods */ = {
			isa = PBXGroup;
			children = (
				CDB1F3588D76FA54F737561D /* Pods-Baemin_Dante.debug.xcconfig */,
				56A206DB1B2F0F9C72864841 /* Pods-Baemin_Dante.release.xcconfig */,
			);
			path = Pods;
			sourceTree = "<group>";
		};
/* End PBXGroup section */

/* Begin PBXNativeTarget section */
		999858CF272D5AB600D7B167 /* Baemin_Dante */ = {
			isa = PBXNativeTarget;
			buildConfigurationList = 999858E4272D5AB800D7B167 /* Build configuration list for PBXNativeTarget "Baemin_Dante" */;
			buildPhases = (
				65C7423684C48475193A77EA /* [CP] Check Pods Manifest.lock */,
				999858CC272D5AB600D7B167 /* Sources */,
				999858CD272D5AB600D7B167 /* Frameworks */,
				999858CE272D5AB600D7B167 /* Resources */,
				E416EA088A1F9FA2332D0B85 /* [CP] Embed Pods Frameworks */,
				9998597F272E29C700D7B167 /* Embed Frameworks */,
			);
			buildRules = (
			);
			dependencies = (
			);
			name = Baemin_Dante;
			productName = Baemin_Dante;
			productReference = 999858D0272D5AB600D7B167 /* Baemin_Dante.app */;
			productType = "com.apple.product-type.application";
		};
/* End PBXNativeTarget section */

/* Begin PBXProject section */
		999858C8272D5AB600D7B167 /* Project object */ = {
			isa = PBXProject;
			attributes = {
				BuildIndependentTargetsInParallel = 1;
				LastSwiftUpdateCheck = 1310;
				LastUpgradeCheck = 1310;
				TargetAttributes = {
					999858CF272D5AB600D7B167 = {
						CreatedOnToolsVersion = 13.1;
					};
				};
			};
			buildConfigurationList = 999858CB272D5AB600D7B167 /* Build configuration list for PBXProject "Baemin_Dante" */;
			compatibilityVersion = "Xcode 13.0";
			developmentRegion = en;
			hasScannedForEncodings = 0;
			knownRegions = (
				en,
				Base,
			);
			mainGroup = 999858C7272D5AB600D7B167;
			productRefGroup = 999858D1272D5AB600D7B167 /* Products */;
			projectDirPath = "";
			projectRoot = "";
			targets = (
				999858CF272D5AB600D7B167 /* Baemin_Dante */,
			);
		};
/* End PBXProject section */

/* Begin PBXResourcesBuildPhase section */
		999858CE272D5AB600D7B167 /* Resources */ = {
			isa = PBXResourcesBuildPhase;
			buildActionMask = 2147483647;
			files = (
				99985D18272E308E00D7B167 /* shadow_balloon.png in Resources */,
				99985D1E272E308E00D7B167 /* copyright.png in Resources */,
				99985D2C272E308E00D7B167 /* map_present.png in Resources */,
				99985D24272E308E00D7B167 /* map_pin_red.png in Resources */,
				99985D30272E308E00D7B167 /* map_pin_shadow.png in Resources */,
				99985D19272E308E00D7B167 /* map_pinup.png in Resources */,
				99985D20272E308E00D7B167 /* map_pin_red@3x.png in Resources */,
				99985D21272E308E00D7B167 /* daum_copyright.png in Resources */,
				99985D23272E308E00D7B167 /* map_present_tracking.png in Resources */,
				99985D41272E80E600D7B167 /* MyBeaminStoryboard.storyboard in Resources */,
				99985D2F272E308E00D7B167 /* daum_th_line.png in Resources */,
				9979BC2E272EA70300A77C36 /* LoginStoryboard.storyboard in Resources */,
				99985D22272E308E00D7B167 /* map_pin@3x.png in Resources */,
				9998591A272D5C0B00D7B167 /* StartStoryboard.storyboard in Resources */,
				99985D1A272E308E00D7B167 /* detail_button.png in Resources */,
				99985D1F272E308E00D7B167 /* th_line.png in Resources */,
				99985D2E272E308E00D7B167 /* map_present_background_update.png in Resources */,
				99985D25272E308E00D7B167 /* info_box.png in Resources */,
				99985D45272E810000D7B167 /* AlarmStoryboard.storyboard in Resources */,
				99985D27272E308E00D7B167 /* map_pinup_custom.png in Resources */,
				99985D2D272E308E00D7B167 /* noimage.png in Resources */,
				999858E0272D5AB800D7B167 /* LaunchScreen.storyboard in Resources */,
				99985D28272E308E00D7B167 /* info_box_tail.png in Resources */,
				99985D2A272E308E00D7B167 /* map_present_direction.png in Resources */,
				999858DD272D5AB800D7B167 /* Assets.xcassets in Resources */,
				999858DB272D5AB600D7B167 /* Main.storyboard in Resources */,
				99985D2B272E308E00D7B167 /* map_pin.png in Resources */,
				99985D3D272E80C800D7B167 /* TotalSearviceStoryboard.storyboard in Resources */,
				99985D1C272E308E00D7B167 /* map_pinup@3x.png in Resources */,
				99985D1D272E308E00D7B167 /* map_pin_shadow@3x.png in Resources */,
				99985D1B272E308E00D7B167 /* map_pin_custom@3x.png in Resources */,
				99985D16272E308E00D7B167 /* map_pinup_custom@3x.png in Resources */,
				99985D17272E308E00D7B167 /* map_pin_custom.png in Resources */,
				99985D29272E308E00D7B167 /* noimage256.png in Resources */,
				99985D26272E308E00D7B167 /* point_sprite.png in Resources */,
			);
			runOnlyForDeploymentPostprocessing = 0;
		};
/* End PBXResourcesBuildPhase section */

/* Begin PBXShellScriptBuildPhase section */
		65C7423684C48475193A77EA /* [CP] Check Pods Manifest.lock */ = {
			isa = PBXShellScriptBuildPhase;
			buildActionMask = 2147483647;
			files = (
			);
			inputFileListPaths = (
			);
			inputPaths = (
				"${PODS_PODFILE_DIR_PATH}/Podfile.lock",
				"${PODS_ROOT}/Manifest.lock",
			);
			name = "[CP] Check Pods Manifest.lock";
			outputFileListPaths = (
			);
			outputPaths = (
				"$(DERIVED_FILE_DIR)/Pods-Baemin_Dante-checkManifestLockResult.txt",
			);
			runOnlyForDeploymentPostprocessing = 0;
			shellPath = /bin/sh;
			shellScript = "diff \"${PODS_PODFILE_DIR_PATH}/Podfile.lock\" \"${PODS_ROOT}/Manifest.lock\" > /dev/null\nif [ $? != 0 ] ; then\n    # print error to STDERR\n    echo \"error: The sandbox is not in sync with the Podfile.lock. Run 'pod install' or update your CocoaPods installation.\" >&2\n    exit 1\nfi\n# This output is used by Xcode 'outputs' to avoid re-running this script phase.\necho \"SUCCESS\" > \"${SCRIPT_OUTPUT_FILE_0}\"\n";
			showEnvVarsInLog = 0;
		};
		E416EA088A1F9FA2332D0B85 /* [CP] Embed Pods Frameworks */ = {
			isa = PBXShellScriptBuildPhase;
			buildActionMask = 2147483647;
			files = (
			);
			inputFileListPaths = (
				"${PODS_ROOT}/Target Support Files/Pods-Baemin_Dante/Pods-Baemin_Dante-frameworks-${CONFIGURATION}-input-files.xcfilelist",
			);
			name = "[CP] Embed Pods Frameworks";
			outputFileListPaths = (
				"${PODS_ROOT}/Target Support Files/Pods-Baemin_Dante/Pods-Baemin_Dante-frameworks-${CONFIGURATION}-output-files.xcfilelist",
			);
			runOnlyForDeploymentPostprocessing = 0;
			shellPath = /bin/sh;
			shellScript = "\"${PODS_ROOT}/Target Support Files/Pods-Baemin_Dante/Pods-Baemin_Dante-frameworks.sh\"\n";
			showEnvVarsInLog = 0;
		};
/* End PBXShellScriptBuildPhase section */

/* Begin PBXSourcesBuildPhase section */
		999858CC272D5AB600D7B167 /* Sources */ = {
			isa = PBXSourcesBuildPhase;
			buildActionMask = 2147483647;
			files = (
				99985902272D5BAA00D7B167 /* Device.swift in Sources */,
				999858D8272D5AB600D7B167 /* MainViewController.swift in Sources */,
				9979BC30272EAE6000A77C36 /* CheckBoxViewController.swift in Sources */,
				99985D43272E80F800D7B167 /* AlarmViewController.swift in Sources */,
				999858F8272D5B9900D7B167 /* Data.swift in Sources */,
				9979BC32272EBCE200A77C36 /* SelfCertificationViewController.swift in Sources */,
				999858D4272D5AB600D7B167 /* AppDelegate.swift in Sources */,
				99985D36272E50C500D7B167 /* global.swift in Sources */,
				999858FC272D5B9900D7B167 /* String.swift in Sources */,
				99985918272D5BFF00D7B167 /* StartViewController.swift in Sources */,
				99985904272D5BB500D7B167 /* BaseViewController.swift in Sources */,
				99985D3B272E80B700D7B167 /* TotalSearviceViewController.swift in Sources */,
				999858FD272D5B9900D7B167 /* UIViewController.swift in Sources */,
				99985D33272E4BB800D7B167 /* detailLocationViewController.swift in Sources */,
				9979BC2C272EA6F900A77C36 /* LoginViewController.swift in Sources */,
				999858FB272D5B9900D7B167 /* UIButton.swift in Sources */,
				999858FE272D5B9900D7B167 /* UIFont.swift in Sources */,
				99985929272D71F200D7B167 /* nowLocationViewController.swift in Sources */,
				999858D6272D5AB600D7B167 /* SceneDelegate.swift in Sources */,
				999858FA272D5B9900D7B167 /* UINavigationBar.swift in Sources */,
				99985D3F272E80DD00D7B167 /* MyBeaminViewController.swift in Sources */,
				999858F0272D5B8200D7B167 /* JwtToken.swift in Sources */,
				99985901272D5BAA00D7B167 /* IndicatorView.swift in Sources */,
				99985925272D632C00D7B167 /* LocalViewController.swift in Sources */,
				999858F9272D5B9900D7B167 /* Color.swift in Sources */,
				99985927272D71E600D7B167 /* findLocationViewController.swift in Sources */,
			);
			runOnlyForDeploymentPostprocessing = 0;
		};
/* End PBXSourcesBuildPhase section */

/* Begin PBXVariantGroup section */
		999858D9272D5AB600D7B167 /* Main.storyboard */ = {
			isa = PBXVariantGroup;
			children = (
				999858DA272D5AB600D7B167 /* Base */,
			);
			name = Main.storyboard;
			sourceTree = "<group>";
		};
		999858DE272D5AB800D7B167 /* LaunchScreen.storyboard */ = {
			isa = PBXVariantGroup;
			children = (
				999858DF272D5AB800D7B167 /* Base */,
			);
			name = LaunchScreen.storyboard;
			sourceTree = "<group>";
		};
/* End PBXVariantGroup section */

/* Begin XCBuildConfiguration section */
		999858E2272D5AB800D7B167 /* Debug */ = {
			isa = XCBuildConfiguration;
			buildSettings = {
				ALWAYS_SEARCH_USER_PATHS = NO;
				CLANG_ANALYZER_NONNULL = YES;
				CLANG_ANALYZER_NUMBER_OBJECT_CONVERSION = YES_AGGRESSIVE;
				CLANG_CXX_LANGUAGE_STANDARD = "gnu++17";
				CLANG_CXX_LIBRARY = "libc++";
				CLANG_ENABLE_MODULES = YES;
				CLANG_ENABLE_OBJC_ARC = YES;
				CLANG_ENABLE_OBJC_WEAK = YES;
				CLANG_WARN_BLOCK_CAPTURE_AUTORELEASING = YES;
				CLANG_WARN_BOOL_CONVERSION = YES;
				CLANG_WARN_COMMA = YES;
				CLANG_WARN_CONSTANT_CONVERSION = YES;
				CLANG_WARN_DEPRECATED_OBJC_IMPLEMENTATIONS = YES;
				CLANG_WARN_DIRECT_OBJC_ISA_USAGE = YES_ERROR;
				CLANG_WARN_DOCUMENTATION_COMMENTS = YES;
				CLANG_WARN_EMPTY_BODY = YES;
				CLANG_WARN_ENUM_CONVERSION = YES;
				CLANG_WARN_INFINITE_RECURSION = YES;
				CLANG_WARN_INT_CONVERSION = YES;
				CLANG_WARN_NON_LITERAL_NULL_CONVERSION = YES;
				CLANG_WARN_OBJC_IMPLICIT_RETAIN_SELF = YES;
				CLANG_WARN_OBJC_LITERAL_CONVERSION = YES;
				CLANG_WARN_OBJC_ROOT_CLASS = YES_ERROR;
				CLANG_WARN_QUOTED_INCLUDE_IN_FRAMEWORK_HEADER = YES;
				CLANG_WARN_RANGE_LOOP_ANALYSIS = YES;
				CLANG_WARN_STRICT_PROTOTYPES = YES;
				CLANG_WARN_SUSPICIOUS_MOVE = YES;
				CLANG_WARN_UNGUARDED_AVAILABILITY = YES_AGGRESSIVE;
				CLANG_WARN_UNREACHABLE_CODE = YES;
				CLANG_WARN__DUPLICATE_METHOD_MATCH = YES;
				COPY_PHASE_STRIP = NO;
				DEBUG_INFORMATION_FORMAT = dwarf;
				ENABLE_STRICT_OBJC_MSGSEND = YES;
				ENABLE_TESTABILITY = YES;
				GCC_C_LANGUAGE_STANDARD = gnu11;
				GCC_DYNAMIC_NO_PIC = NO;
				GCC_NO_COMMON_BLOCKS = YES;
				GCC_OPTIMIZATION_LEVEL = 0;
				GCC_PREPROCESSOR_DEFINITIONS = (
					"DEBUG=1",
					"$(inherited)",
				);
				GCC_WARN_64_TO_32_BIT_CONVERSION = YES;
				GCC_WARN_ABOUT_RETURN_TYPE = YES_ERROR;
				GCC_WARN_UNDECLARED_SELECTOR = YES;
				GCC_WARN_UNINITIALIZED_AUTOS = YES_AGGRESSIVE;
				GCC_WARN_UNUSED_FUNCTION = YES;
				GCC_WARN_UNUSED_VARIABLE = YES;
				IPHONEOS_DEPLOYMENT_TARGET = 15.0;
				MTL_ENABLE_DEBUG_INFO = INCLUDE_SOURCE;
				MTL_FAST_MATH = YES;
				ONLY_ACTIVE_ARCH = YES;
				SDKROOT = iphoneos;
				SWIFT_ACTIVE_COMPILATION_CONDITIONS = DEBUG;
				SWIFT_OPTIMIZATION_LEVEL = "-Onone";
			};
			name = Debug;
		};
		999858E3272D5AB800D7B167 /* Release */ = {
			isa = XCBuildConfiguration;
			buildSettings = {
				ALWAYS_SEARCH_USER_PATHS = NO;
				CLANG_ANALYZER_NONNULL = YES;
				CLANG_ANALYZER_NUMBER_OBJECT_CONVERSION = YES_AGGRESSIVE;
				CLANG_CXX_LANGUAGE_STANDARD = "gnu++17";
				CLANG_CXX_LIBRARY = "libc++";
				CLANG_ENABLE_MODULES = YES;
				CLANG_ENABLE_OBJC_ARC = YES;
				CLANG_ENABLE_OBJC_WEAK = YES;
				CLANG_WARN_BLOCK_CAPTURE_AUTORELEASING = YES;
				CLANG_WARN_BOOL_CONVERSION = YES;
				CLANG_WARN_COMMA = YES;
				CLANG_WARN_CONSTANT_CONVERSION = YES;
				CLANG_WARN_DEPRECATED_OBJC_IMPLEMENTATIONS = YES;
				CLANG_WARN_DIRECT_OBJC_ISA_USAGE = YES_ERROR;
				CLANG_WARN_DOCUMENTATION_COMMENTS = YES;
				CLANG_WARN_EMPTY_BODY = YES;
				CLANG_WARN_ENUM_CONVERSION = YES;
				CLANG_WARN_INFINITE_RECURSION = YES;
				CLANG_WARN_INT_CONVERSION = YES;
				CLANG_WARN_NON_LITERAL_NULL_CONVERSION = YES;
				CLANG_WARN_OBJC_IMPLICIT_RETAIN_SELF = YES;
				CLANG_WARN_OBJC_LITERAL_CONVERSION = YES;
				CLANG_WARN_OBJC_ROOT_CLASS = YES_ERROR;
				CLANG_WARN_QUOTED_INCLUDE_IN_FRAMEWORK_HEADER = YES;
				CLANG_WARN_RANGE_LOOP_ANALYSIS = YES;
				CLANG_WARN_STRICT_PROTOTYPES = YES;
				CLANG_WARN_SUSPICIOUS_MOVE = YES;
				CLANG_WARN_UNGUARDED_AVAILABILITY = YES_AGGRESSIVE;
				CLANG_WARN_UNREACHABLE_CODE = YES;
				CLANG_WARN__DUPLICATE_METHOD_MATCH = YES;
				COPY_PHASE_STRIP = NO;
				DEBUG_INFORMATION_FORMAT = "dwarf-with-dsym";
				ENABLE_NS_ASSERTIONS = NO;
				ENABLE_STRICT_OBJC_MSGSEND = YES;
				GCC_C_LANGUAGE_STANDARD = gnu11;
				GCC_NO_COMMON_BLOCKS = YES;
				GCC_WARN_64_TO_32_BIT_CONVERSION = YES;
				GCC_WARN_ABOUT_RETURN_TYPE = YES_ERROR;
				GCC_WARN_UNDECLARED_SELECTOR = YES;
				GCC_WARN_UNINITIALIZED_AUTOS = YES_AGGRESSIVE;
				GCC_WARN_UNUSED_FUNCTION = YES;
				GCC_WARN_UNUSED_VARIABLE = YES;
				IPHONEOS_DEPLOYMENT_TARGET = 15.0;
				MTL_ENABLE_DEBUG_INFO = NO;
				MTL_FAST_MATH = YES;
				SDKROOT = iphoneos;
				SWIFT_COMPILATION_MODE = wholemodule;
				SWIFT_OPTIMIZATION_LEVEL = "-O";
				VALIDATE_PRODUCT = YES;
			};
			name = Release;
		};
		999858E5272D5AB800D7B167 /* Debug */ = {
			isa = XCBuildConfiguration;
			baseConfigurationReference = CDB1F3588D76FA54F737561D /* Pods-Baemin_Dante.debug.xcconfig */;
			buildSettings = {
				ASSETCATALOG_COMPILER_APPICON_NAME = AppIcon;
				ASSETCATALOG_COMPILER_GLOBAL_ACCENT_COLOR_NAME = AccentColor;
				CLANG_ENABLE_OBJC_ARC = NO;
				CODE_SIGN_STYLE = Automatic;
				CURRENT_PROJECT_VERSION = 1;
				DEVELOPMENT_TEAM = JXFMRW69P3;
				FRAMEWORK_SEARCH_PATHS = (
					"$(inherited)",
					"\"${PODS_CONFIGURATION_BUILD_DIR}/Alamofire\"",
					"\"${PODS_CONFIGURATION_BUILD_DIR}/AlamofireNetworkActivityIndicator\"",
					"\"${PODS_CONFIGURATION_BUILD_DIR}/SnapKit\"",
					"$(PROJECT_DIR)/Baemin_Dante/DaumMap.embeddedframework",
				);
				GENERATE_INFOPLIST_FILE = YES;
				INFOPLIST_FILE = Baemin_Dante/Info.plist;
				INFOPLIST_KEY_UIApplicationSupportsIndirectInputEvents = YES;
				INFOPLIST_KEY_UILaunchStoryboardName = LaunchScreen;
				INFOPLIST_KEY_UIMainStoryboardFile = StartStoryboard;
				INFOPLIST_KEY_UISupportedInterfaceOrientations = UIInterfaceOrientationPortrait;
				INFOPLIST_KEY_UISupportedInterfaceOrientations_iPad = "UIInterfaceOrientationPortrait UIInterfaceOrientationPortraitUpsideDown UIInterfaceOrientationLandscapeLeft UIInterfaceOrientationLandscapeRight";
				INFOPLIST_KEY_UISupportedInterfaceOrientations_iPhone = "UIInterfaceOrientationPortrait UIInterfaceOrientationLandscapeLeft UIInterfaceOrientationLandscapeRight";
				IPHONEOS_DEPLOYMENT_TARGET = 15.0;
				LD_RUNPATH_SEARCH_PATHS = (
					"$(inherited)",
					"@executable_path/Frameworks",
				);
				MARKETING_VERSION = 1.0;
				PRODUCT_BUNDLE_IDENTIFIER = "iOSoo.Baemin-Dante";
				PRODUCT_NAME = "$(TARGET_NAME)";
				SWIFT_EMIT_LOC_STRINGS = YES;
				SWIFT_OBJC_BRIDGING_HEADER = Baemin_Dante/BridgeHeader.h;
				SWIFT_VERSION = 5.0;
				TARGETED_DEVICE_FAMILY = 1;
				VALIDATE_WORKSPACE = YES;
			};
			name = Debug;
		};
		999858E6272D5AB800D7B167 /* Release */ = {
			isa = XCBuildConfiguration;
			baseConfigurationReference = 56A206DB1B2F0F9C72864841 /* Pods-Baemin_Dante.release.xcconfig */;
			buildSettings = {
				ASSETCATALOG_COMPILER_APPICON_NAME = AppIcon;
				ASSETCATALOG_COMPILER_GLOBAL_ACCENT_COLOR_NAME = AccentColor;
				CLANG_ENABLE_OBJC_ARC = NO;
				CODE_SIGN_STYLE = Automatic;
				CURRENT_PROJECT_VERSION = 1;
				DEVELOPMENT_TEAM = JXFMRW69P3;
				FRAMEWORK_SEARCH_PATHS = (
					"$(inherited)",
					"\"${PODS_CONFIGURATION_BUILD_DIR}/Alamofire\"",
					"\"${PODS_CONFIGURATION_BUILD_DIR}/AlamofireNetworkActivityIndicator\"",
					"\"${PODS_CONFIGURATION_BUILD_DIR}/SnapKit\"",
					"$(PROJECT_DIR)/Baemin_Dante/DaumMap.embeddedframework",
				);
				GENERATE_INFOPLIST_FILE = YES;
				INFOPLIST_FILE = Baemin_Dante/Info.plist;
				INFOPLIST_KEY_UIApplicationSupportsIndirectInputEvents = YES;
				INFOPLIST_KEY_UILaunchStoryboardName = LaunchScreen;
				INFOPLIST_KEY_UIMainStoryboardFile = StartStoryboard;
				INFOPLIST_KEY_UISupportedInterfaceOrientations = UIInterfaceOrientationPortrait;
				INFOPLIST_KEY_UISupportedInterfaceOrientations_iPad = "UIInterfaceOrientationPortrait UIInterfaceOrientationPortraitUpsideDown UIInterfaceOrientationLandscapeLeft UIInterfaceOrientationLandscapeRight";
				INFOPLIST_KEY_UISupportedInterfaceOrientations_iPhone = "UIInterfaceOrientationPortrait UIInterfaceOrientationLandscapeLeft UIInterfaceOrientationLandscapeRight";
				IPHONEOS_DEPLOYMENT_TARGET = 15.0;
				LD_RUNPATH_SEARCH_PATHS = (
					"$(inherited)",
					"@executable_path/Frameworks",
				);
				MARKETING_VERSION = 1.0;
				PRODUCT_BUNDLE_IDENTIFIER = "iOSoo.Baemin-Dante";
				PRODUCT_NAME = "$(TARGET_NAME)";
				SWIFT_EMIT_LOC_STRINGS = YES;
				SWIFT_OBJC_BRIDGING_HEADER = Baemin_Dante/BridgeHeader.h;
				SWIFT_VERSION = 5.0;
				TARGETED_DEVICE_FAMILY = 1;
				VALIDATE_WORKSPACE = YES;
			};
			name = Release;
		};
/* End XCBuildConfiguration section */

/* Begin XCConfigurationList section */
		999858CB272D5AB600D7B167 /* Build configuration list for PBXProject "Baemin_Dante" */ = {
			isa = XCConfigurationList;
			buildConfigurations = (
				999858E2272D5AB800D7B167 /* Debug */,
				999858E3272D5AB800D7B167 /* Release */,
			);
			defaultConfigurationIsVisible = 0;
			defaultConfigurationName = Release;
		};
		999858E4272D5AB800D7B167 /* Build configuration list for PBXNativeTarget "Baemin_Dante" */ = {
			isa = XCConfigurationList;
			buildConfigurations = (
				999858E5272D5AB800D7B167 /* Debug */,
				999858E6272D5AB800D7B167 /* Release */,
			);
			defaultConfigurationIsVisible = 0;
			defaultConfigurationName = Release;
		};
/* End XCConfigurationList section */
	};
	rootObject = 999858C8272D5AB600D7B167 /* Project object */;
}
